// !$*UTF8*$!
{
	archiveVersion = 1;
	classes = {
	};
	objectVersion = 45;
	objects = {

/* Begin PBXBuildFile section */
		04199EF41F5AB21900CEFAB0 /* AppDelegate.m in Sources */ = {isa = PBXBuildFile; fileRef = 04199EF31F5AB21900CEFAB0 /* AppDelegate.m */; };
		04199EF71F5AB21900CEFAB0 /* main.m in Sources */ = {isa = PBXBuildFile; fileRef = 04199EF61F5AB21900CEFAB0 /* main.m */; };
		04199EFC1F5AB21900CEFAB0 /* Assets.xcassets in Resources */ = {isa = PBXBuildFile; fileRef = 04199EFB1F5AB21900CEFAB0 /* Assets.xcassets */; };
		04199F3A1F5AB52300CEFAB0 /* ESCFileManager.m in Sources */ = {isa = PBXBuildFile; fileRef = 04199F391F5AB52300CEFAB0 /* ESCFileManager.m */; };
		04199F651F5ADB2B00CEFAB0 /* NSDate+ESCDateString.m in Sources */ = {isa = PBXBuildFile; fileRef = 04199F641F5ADB2B00CEFAB0 /* NSDate+ESCDateString.m */; };
		04199F681F5ADB9800CEFAB0 /* NSDate+Utilities.m in Sources */ = {isa = PBXBuildFile; fileRef = 04199F671F5ADB9800CEFAB0 /* NSDate+Utilities.m */; };
		047431941F5D8B3200445EB5 /* ESCconfigViewController.m in Sources */ = {isa = PBXBuildFile; fileRef = 047431931F5D8B3200445EB5 /* ESCconfigViewController.m */; };
		047431981F5D978100445EB5 /* ESCConfigurationModel.m in Sources */ = {isa = PBXBuildFile; fileRef = 047431971F5D978100445EB5 /* ESCConfigurationModel.m */; };
		0474319B1F5D987200445EB5 /* ESCNetWorkManager.m in Sources */ = {isa = PBXBuildFile; fileRef = 0474319A1F5D987200445EB5 /* ESCNetWorkManager.m */; };
		0474319E1F5D988200445EB5 /* ESCConfigManager.m in Sources */ = {isa = PBXBuildFile; fileRef = 0474319D1F5D988200445EB5 /* ESCConfigManager.m */; };
		047431A01F5D9A9B00445EB5 /* Main.storyboard in Resources */ = {isa = PBXBuildFile; fileRef = 0474319F1F5D9A9B00445EB5 /* Main.storyboard */; };
		047431A21F5D9ADC00445EB5 /* ESCconfigViewController.storyboard in Resources */ = {isa = PBXBuildFile; fileRef = 047431A11F5D9ADC00445EB5 /* ESCconfigViewController.storyboard */; };
		047431A51F5D9C4100445EB5 /* ESCBuildShellFileManager.m in Sources */ = {isa = PBXBuildFile; fileRef = 047431A41F5D9C4100445EB5 /* ESCBuildShellFileManager.m */; };
		F003AB11244D382B0098B601 /* ESCAppTableViewAppBuildUpdateDescriptionCellView.m in Sources */ = {isa = PBXBuildFile; fileRef = F003AB10244D382B0098B601 /* ESCAppTableViewAppBuildUpdateDescriptionCellView.m */; };
		F012FA4C2284152D002CC739 /* ESCRightMouseDownMenuView.m in Sources */ = {isa = PBXBuildFile; fileRef = F012FA4B2284152D002CC739 /* ESCRightMouseDownMenuView.m */; };
		F04820D8244D47A0002780D9 /* ESCCustemShellConfigViewController.m in Sources */ = {isa = PBXBuildFile; fileRef = F04820D6244D47A0002780D9 /* ESCCustemShellConfigViewController.m */; };
		F049FC151F6641DE00147EC9 /* ESCMainViewController.m in Sources */ = {isa = PBXBuildFile; fileRef = F049FC141F6641DE00147EC9 /* ESCMainViewController.m */; };
		F04A6C33244FD3C700CBB70D /* ESCGroupModel.m in Sources */ = {isa = PBXBuildFile; fileRef = F04A6C32244FD3C700CBB70D /* ESCGroupModel.m */; };
		F04A6C36244FD87A00CBB70D /* ESCGroupViewController.m in Sources */ = {isa = PBXBuildFile; fileRef = F04A6C35244FD87A00CBB70D /* ESCGroupViewController.m */; };
		F04A6C38244FD89900CBB70D /* ESCGroupViewController.storyboard in Resources */ = {isa = PBXBuildFile; fileRef = F04A6C37244FD89900CBB70D /* ESCGroupViewController.storyboard */; };
		F04A6C3B244FD9BC00CBB70D /* ESCApplication.m in Sources */ = {isa = PBXBuildFile; fileRef = F04A6C3A244FD9BC00CBB70D /* ESCApplication.m */; };
		F0505208245271FD00164015 /* ESCGroupTableGroupCellView.m in Sources */ = {isa = PBXBuildFile; fileRef = F0505207245271FD00164015 /* ESCGroupTableGroupCellView.m */; };
		F050520A2452728600164015 /* ESCGroupTableGroupCellView.xib in Resources */ = {isa = PBXBuildFile; fileRef = F05052092452728600164015 /* ESCGroupTableGroupCellView.xib */; };
		F051C5C1247260A100782358 /* ESCSelectButtonTableCellView.m in Sources */ = {isa = PBXBuildFile; fileRef = F051C5C0247260A100782358 /* ESCSelectButtonTableCellView.m */; };
		F051C5C3247260B600782358 /* ESCSelectButtonTableCellView.xib in Resources */ = {isa = PBXBuildFile; fileRef = F051C5C2247260B600782358 /* ESCSelectButtonTableCellView.xib */; };
		F051C5C62472639700782358 /* ESCOneButtonTableCellView.m in Sources */ = {isa = PBXBuildFile; fileRef = F051C5C52472639700782358 /* ESCOneButtonTableCellView.m */; };
		F051C5C8247263A500782358 /* ESCOneButtonTableCellView.xib in Resources */ = {isa = PBXBuildFile; fileRef = F051C5C7247263A500782358 /* ESCOneButtonTableCellView.xib */; };
		F05879BA2480B9E300BC6588 /* ESCNotificationManager.m in Sources */ = {isa = PBXBuildFile; fileRef = F05879B92480B9E300BC6588 /* ESCNotificationManager.m */; };
		F0587A492481037100BC6588 /* AFURLResponseSerialization.m in Sources */ = {isa = PBXBuildFile; fileRef = F0587A3F2481037100BC6588 /* AFURLResponseSerialization.m */; };
		F0587A4A2481037100BC6588 /* AFHTTPSessionManager.m in Sources */ = {isa = PBXBuildFile; fileRef = F0587A402481037100BC6588 /* AFHTTPSessionManager.m */; };
		F0587A4B2481037100BC6588 /* AFURLSessionManager.m in Sources */ = {isa = PBXBuildFile; fileRef = F0587A422481037100BC6588 /* AFURLSessionManager.m */; };
		F0587A4C2481037100BC6588 /* AFURLRequestSerialization.m in Sources */ = {isa = PBXBuildFile; fileRef = F0587A432481037100BC6588 /* AFURLRequestSerialization.m */; };
		F0587A4D2481037100BC6588 /* AFNetworkReachabilityManager.m in Sources */ = {isa = PBXBuildFile; fileRef = F0587A452481037100BC6588 /* AFNetworkReachabilityManager.m */; };
		F0587A4E2481037100BC6588 /* AFSecurityPolicy.m in Sources */ = {isa = PBXBuildFile; fileRef = F0587A462481037100BC6588 /* AFSecurityPolicy.m */; };
		F0587A662481042C00BC6588 /* MJPropertyType.m in Sources */ = {isa = PBXBuildFile; fileRef = F0587A532481042B00BC6588 /* MJPropertyType.m */; };
		F0587A672481042C00BC6588 /* NSObject+MJKeyValue.m in Sources */ = {isa = PBXBuildFile; fileRef = F0587A562481042B00BC6588 /* NSObject+MJKeyValue.m */; };
		F0587A682481042C00BC6588 /* MJProperty.m in Sources */ = {isa = PBXBuildFile; fileRef = F0587A572481042C00BC6588 /* MJProperty.m */; };
		F0587A692481042C00BC6588 /* NSObject+MJCoding.m in Sources */ = {isa = PBXBuildFile; fileRef = F0587A592481042C00BC6588 /* NSObject+MJCoding.m */; };
		F0587A6A2481042C00BC6588 /* MJExtensionConst.m in Sources */ = {isa = PBXBuildFile; fileRef = F0587A5B2481042C00BC6588 /* MJExtensionConst.m */; };
		F0587A6B2481042C00BC6588 /* NSObject+MJProperty.m in Sources */ = {isa = PBXBuildFile; fileRef = F0587A5C2481042C00BC6588 /* NSObject+MJProperty.m */; };
		F0587A6C2481042C00BC6588 /* NSObject+MJClass.m in Sources */ = {isa = PBXBuildFile; fileRef = F0587A5E2481042C00BC6588 /* NSObject+MJClass.m */; };
		F0587A6D2481042C00BC6588 /* NSString+MJExtension.m in Sources */ = {isa = PBXBuildFile; fileRef = F0587A5F2481042C00BC6588 /* NSString+MJExtension.m */; };
		F0587A6E2481042C00BC6588 /* MJPropertyKey.m in Sources */ = {isa = PBXBuildFile; fileRef = F0587A602481042C00BC6588 /* MJPropertyKey.m */; };
		F0587A6F2481042C00BC6588 /* Info.plist in Resources */ = {isa = PBXBuildFile; fileRef = F0587A642481042C00BC6588 /* Info.plist */; };
		F0587A702481042C00BC6588 /* MJFoundation.m in Sources */ = {isa = PBXBuildFile; fileRef = F0587A652481042C00BC6588 /* MJFoundation.m */; };
		F07C80081F5EB5F800AEAF30 /* ESCMainTableCellView.m in Sources */ = {isa = PBXBuildFile; fileRef = F07C80071F5EB5F800AEAF30 /* ESCMainTableCellView.m */; };
		F07CF28024A1F527009D224F /* ESCFirimConfigViewController.m in Sources */ = {isa = PBXBuildFile; fileRef = F07CF27F24A1F527009D224F /* ESCFirimConfigViewController.m */; };
		F07CF28224A1F53A009D224F /* ESCFirimConfigViewController.storyboard in Resources */ = {isa = PBXBuildFile; fileRef = F07CF28124A1F53A009D224F /* ESCFirimConfigViewController.storyboard */; };
		F07CF28524A202A2009D224F /* ESCFileCopyTool.m in Sources */ = {isa = PBXBuildFile; fileRef = F07CF28324A202A2009D224F /* ESCFileCopyTool.m */; };
		F084B4131F5FC70600D71BCC /* ESCPgyerConfigViewController.m in Sources */ = {isa = PBXBuildFile; fileRef = F084B4121F5FC70600D71BCC /* ESCPgyerConfigViewController.m */; };
/* End PBXBuildFile section */

/* Begin PBXFileReference section */
		04199EEF1F5AB21900CEFAB0 /* AutoUploadToPgyer.app */ = {isa = PBXFileReference; explicitFileType = wrapper.application; includeInIndex = 0; path = AutoUploadToPgyer.app; sourceTree = BUILT_PRODUCTS_DIR; };
		04199EF21F5AB21900CEFAB0 /* AppDelegate.h */ = {isa = PBXFileReference; lastKnownFileType = sourcecode.c.h; path = AppDelegate.h; sourceTree = "<group>"; };
		04199EF31F5AB21900CEFAB0 /* AppDelegate.m */ = {isa = PBXFileReference; lastKnownFileType = sourcecode.c.objc; path = AppDelegate.m; sourceTree = "<group>"; };
		04199EF61F5AB21900CEFAB0 /* main.m */ = {isa = PBXFileReference; lastKnownFileType = sourcecode.c.objc; path = main.m; sourceTree = "<group>"; };
		04199EFB1F5AB21900CEFAB0 /* Assets.xcassets */ = {isa = PBXFileReference; lastKnownFileType = folder.assetcatalog; path = Assets.xcassets; sourceTree = "<group>"; };
		04199F001F5AB21900CEFAB0 /* Info.plist */ = {isa = PBXFileReference; lastKnownFileType = text.plist.xml; path = Info.plist; sourceTree = "<group>"; };
		04199F361F5AB4CA00CEFAB0 /* ESCHeader.h */ = {isa = PBXFileReference; lastKnownFileType = sourcecode.c.h; path = ESCHeader.h; sourceTree = "<group>"; };
		04199F381F5AB52300CEFAB0 /* ESCFileManager.h */ = {isa = PBXFileReference; fileEncoding = 4; lastKnownFileType = sourcecode.c.h; path = ESCFileManager.h; sourceTree = "<group>"; };
		04199F391F5AB52300CEFAB0 /* ESCFileManager.m */ = {isa = PBXFileReference; fileEncoding = 4; lastKnownFileType = sourcecode.c.objc; path = ESCFileManager.m; sourceTree = "<group>"; };
		04199F631F5ADB2B00CEFAB0 /* NSDate+ESCDateString.h */ = {isa = PBXFileReference; fileEncoding = 4; lastKnownFileType = sourcecode.c.h; path = "NSDate+ESCDateString.h"; sourceTree = "<group>"; };
		04199F641F5ADB2B00CEFAB0 /* NSDate+ESCDateString.m */ = {isa = PBXFileReference; fileEncoding = 4; lastKnownFileType = sourcecode.c.objc; path = "NSDate+ESCDateString.m"; sourceTree = "<group>"; };
		04199F661F5ADB9800CEFAB0 /* NSDate+Utilities.h */ = {isa = PBXFileReference; fileEncoding = 4; lastKnownFileType = sourcecode.c.h; path = "NSDate+Utilities.h"; sourceTree = "<group>"; };
		04199F671F5ADB9800CEFAB0 /* NSDate+Utilities.m */ = {isa = PBXFileReference; fileEncoding = 4; lastKnownFileType = sourcecode.c.objc; path = "NSDate+Utilities.m"; sourceTree = "<group>"; };
		047431921F5D8B3200445EB5 /* ESCconfigViewController.h */ = {isa = PBXFileReference; fileEncoding = 4; lastKnownFileType = sourcecode.c.h; path = ESCconfigViewController.h; sourceTree = "<group>"; };
		047431931F5D8B3200445EB5 /* ESCconfigViewController.m */ = {isa = PBXFileReference; fileEncoding = 4; lastKnownFileType = sourcecode.c.objc; path = ESCconfigViewController.m; sourceTree = "<group>"; };
		047431961F5D978100445EB5 /* ESCConfigurationModel.h */ = {isa = PBXFileReference; fileEncoding = 4; lastKnownFileType = sourcecode.c.h; path = ESCConfigurationModel.h; sourceTree = "<group>"; };
		047431971F5D978100445EB5 /* ESCConfigurationModel.m */ = {isa = PBXFileReference; fileEncoding = 4; lastKnownFileType = sourcecode.c.objc; path = ESCConfigurationModel.m; sourceTree = "<group>"; };
		047431991F5D987200445EB5 /* ESCNetWorkManager.h */ = {isa = PBXFileReference; fileEncoding = 4; lastKnownFileType = sourcecode.c.h; path = ESCNetWorkManager.h; sourceTree = "<group>"; };
		0474319A1F5D987200445EB5 /* ESCNetWorkManager.m */ = {isa = PBXFileReference; fileEncoding = 4; lastKnownFileType = sourcecode.c.objc; path = ESCNetWorkManager.m; sourceTree = "<group>"; };
		0474319C1F5D988200445EB5 /* ESCConfigManager.h */ = {isa = PBXFileReference; fileEncoding = 4; lastKnownFileType = sourcecode.c.h; path = ESCConfigManager.h; sourceTree = "<group>"; };
		0474319D1F5D988200445EB5 /* ESCConfigManager.m */ = {isa = PBXFileReference; fileEncoding = 4; lastKnownFileType = sourcecode.c.objc; path = ESCConfigManager.m; sourceTree = "<group>"; };
		0474319F1F5D9A9B00445EB5 /* Main.storyboard */ = {isa = PBXFileReference; fileEncoding = 4; lastKnownFileType = file.storyboard; path = Main.storyboard; sourceTree = "<group>"; };
		047431A11F5D9ADC00445EB5 /* ESCconfigViewController.storyboard */ = {isa = PBXFileReference; fileEncoding = 4; lastKnownFileType = file.storyboard; path = ESCconfigViewController.storyboard; sourceTree = "<group>"; };
		047431A31F5D9C4100445EB5 /* ESCBuildShellFileManager.h */ = {isa = PBXFileReference; fileEncoding = 4; lastKnownFileType = sourcecode.c.h; path = ESCBuildShellFileManager.h; sourceTree = "<group>"; };
		047431A41F5D9C4100445EB5 /* ESCBuildShellFileManager.m */ = {isa = PBXFileReference; fileEncoding = 4; lastKnownFileType = sourcecode.c.objc; path = ESCBuildShellFileManager.m; sourceTree = "<group>"; };
		F003AB0F244D382B0098B601 /* ESCAppTableViewAppBuildUpdateDescriptionCellView.h */ = {isa = PBXFileReference; lastKnownFileType = sourcecode.c.h; path = ESCAppTableViewAppBuildUpdateDescriptionCellView.h; sourceTree = "<group>"; };
		F003AB10244D382B0098B601 /* ESCAppTableViewAppBuildUpdateDescriptionCellView.m */ = {isa = PBXFileReference; lastKnownFileType = sourcecode.c.objc; path = ESCAppTableViewAppBuildUpdateDescriptionCellView.m; sourceTree = "<group>"; };
		F012FA4A2284152D002CC739 /* ESCRightMouseDownMenuView.h */ = {isa = PBXFileReference; lastKnownFileType = sourcecode.c.h; path = ESCRightMouseDownMenuView.h; sourceTree = "<group>"; };
		F012FA4B2284152D002CC739 /* ESCRightMouseDownMenuView.m */ = {isa = PBXFileReference; lastKnownFileType = sourcecode.c.objc; path = ESCRightMouseDownMenuView.m; sourceTree = "<group>"; };
		F04820D6244D47A0002780D9 /* ESCCustemShellConfigViewController.m */ = {isa = PBXFileReference; fileEncoding = 4; lastKnownFileType = sourcecode.c.objc; path = ESCCustemShellConfigViewController.m; sourceTree = "<group>"; };
		F04820D7244D47A0002780D9 /* ESCCustemShellConfigViewController.h */ = {isa = PBXFileReference; fileEncoding = 4; lastKnownFileType = sourcecode.c.h; path = ESCCustemShellConfigViewController.h; sourceTree = "<group>"; };
		F049FC141F6641DE00147EC9 /* ESCMainViewController.m */ = {isa = PBXFileReference; fileEncoding = 4; lastKnownFileType = sourcecode.c.objc; path = ESCMainViewController.m; sourceTree = "<group>"; };
		F04A6C31244FD3C700CBB70D /* ESCGroupModel.h */ = {isa = PBXFileReference; lastKnownFileType = sourcecode.c.h; path = ESCGroupModel.h; sourceTree = "<group>"; };
		F04A6C32244FD3C700CBB70D /* ESCGroupModel.m */ = {isa = PBXFileReference; lastKnownFileType = sourcecode.c.objc; path = ESCGroupModel.m; sourceTree = "<group>"; };
		F04A6C34244FD87A00CBB70D /* ESCGroupViewController.h */ = {isa = PBXFileReference; lastKnownFileType = sourcecode.c.h; path = ESCGroupViewController.h; sourceTree = "<group>"; };
		F04A6C35244FD87A00CBB70D /* ESCGroupViewController.m */ = {isa = PBXFileReference; lastKnownFileType = sourcecode.c.objc; path = ESCGroupViewController.m; sourceTree = "<group>"; };
		F04A6C37244FD89900CBB70D /* ESCGroupViewController.storyboard */ = {isa = PBXFileReference; lastKnownFileType = file.storyboard; path = ESCGroupViewController.storyboard; sourceTree = "<group>"; };
		F04A6C39244FD9BC00CBB70D /* ESCApplication.h */ = {isa = PBXFileReference; lastKnownFileType = sourcecode.c.h; path = ESCApplication.h; sourceTree = "<group>"; };
		F04A6C3A244FD9BC00CBB70D /* ESCApplication.m */ = {isa = PBXFileReference; lastKnownFileType = sourcecode.c.objc; path = ESCApplication.m; sourceTree = "<group>"; };
		F0505206245271FD00164015 /* ESCGroupTableGroupCellView.h */ = {isa = PBXFileReference; lastKnownFileType = sourcecode.c.h; path = ESCGroupTableGroupCellView.h; sourceTree = "<group>"; };
		F0505207245271FD00164015 /* ESCGroupTableGroupCellView.m */ = {isa = PBXFileReference; lastKnownFileType = sourcecode.c.objc; path = ESCGroupTableGroupCellView.m; sourceTree = "<group>"; };
		F05052092452728600164015 /* ESCGroupTableGroupCellView.xib */ = {isa = PBXFileReference; lastKnownFileType = file.xib; path = ESCGroupTableGroupCellView.xib; sourceTree = "<group>"; };
		F051C5BF247260A100782358 /* ESCSelectButtonTableCellView.h */ = {isa = PBXFileReference; lastKnownFileType = sourcecode.c.h; path = ESCSelectButtonTableCellView.h; sourceTree = "<group>"; };
		F051C5C0247260A100782358 /* ESCSelectButtonTableCellView.m */ = {isa = PBXFileReference; lastKnownFileType = sourcecode.c.objc; path = ESCSelectButtonTableCellView.m; sourceTree = "<group>"; };
		F051C5C2247260B600782358 /* ESCSelectButtonTableCellView.xib */ = {isa = PBXFileReference; lastKnownFileType = file.xib; path = ESCSelectButtonTableCellView.xib; sourceTree = "<group>"; };
		F051C5C42472639700782358 /* ESCOneButtonTableCellView.h */ = {isa = PBXFileReference; lastKnownFileType = sourcecode.c.h; path = ESCOneButtonTableCellView.h; sourceTree = "<group>"; };
		F051C5C52472639700782358 /* ESCOneButtonTableCellView.m */ = {isa = PBXFileReference; lastKnownFileType = sourcecode.c.objc; path = ESCOneButtonTableCellView.m; sourceTree = "<group>"; };
		F051C5C7247263A500782358 /* ESCOneButtonTableCellView.xib */ = {isa = PBXFileReference; lastKnownFileType = file.xib; path = ESCOneButtonTableCellView.xib; sourceTree = "<group>"; };
		F05879B82480B9E300BC6588 /* ESCNotificationManager.h */ = {isa = PBXFileReference; lastKnownFileType = sourcecode.c.h; path = ESCNotificationManager.h; sourceTree = "<group>"; };
		F05879B92480B9E300BC6588 /* ESCNotificationManager.m */ = {isa = PBXFileReference; lastKnownFileType = sourcecode.c.objc; path = ESCNotificationManager.m; sourceTree = "<group>"; };
		F0587A3B2481037100BC6588 /* AFSecurityPolicy.h */ = {isa = PBXFileReference; fileEncoding = 4; lastKnownFileType = sourcecode.c.h; path = AFSecurityPolicy.h; sourceTree = "<group>"; };
		F0587A3C2481037100BC6588 /* AFNetworkReachabilityManager.h */ = {isa = PBXFileReference; fileEncoding = 4; lastKnownFileType = sourcecode.c.h; path = AFNetworkReachabilityManager.h; sourceTree = "<group>"; };
		F0587A3D2481037100BC6588 /* AFURLSessionManager.h */ = {isa = PBXFileReference; fileEncoding = 4; lastKnownFileType = sourcecode.c.h; path = AFURLSessionManager.h; sourceTree = "<group>"; };
		F0587A3E2481037100BC6588 /* AFURLRequestSerialization.h */ = {isa = PBXFileReference; fileEncoding = 4; lastKnownFileType = sourcecode.c.h; path = AFURLRequestSerialization.h; sourceTree = "<group>"; };
		F0587A3F2481037100BC6588 /* AFURLResponseSerialization.m */ = {isa = PBXFileReference; fileEncoding = 4; lastKnownFileType = sourcecode.c.objc; path = AFURLResponseSerialization.m; sourceTree = "<group>"; };
		F0587A402481037100BC6588 /* AFHTTPSessionManager.m */ = {isa = PBXFileReference; fileEncoding = 4; lastKnownFileType = sourcecode.c.objc; path = AFHTTPSessionManager.m; sourceTree = "<group>"; };
		F0587A412481037100BC6588 /* AFURLResponseSerialization.h */ = {isa = PBXFileReference; fileEncoding = 4; lastKnownFileType = sourcecode.c.h; path = AFURLResponseSerialization.h; sourceTree = "<group>"; };
		F0587A422481037100BC6588 /* AFURLSessionManager.m */ = {isa = PBXFileReference; fileEncoding = 4; lastKnownFileType = sourcecode.c.objc; path = AFURLSessionManager.m; sourceTree = "<group>"; };
		F0587A432481037100BC6588 /* AFURLRequestSerialization.m */ = {isa = PBXFileReference; fileEncoding = 4; lastKnownFileType = sourcecode.c.objc; path = AFURLRequestSerialization.m; sourceTree = "<group>"; };
		F0587A442481037100BC6588 /* AFNetworking.h */ = {isa = PBXFileReference; fileEncoding = 4; lastKnownFileType = sourcecode.c.h; path = AFNetworking.h; sourceTree = "<group>"; };
		F0587A452481037100BC6588 /* AFNetworkReachabilityManager.m */ = {isa = PBXFileReference; fileEncoding = 4; lastKnownFileType = sourcecode.c.objc; path = AFNetworkReachabilityManager.m; sourceTree = "<group>"; };
		F0587A462481037100BC6588 /* AFSecurityPolicy.m */ = {isa = PBXFileReference; fileEncoding = 4; lastKnownFileType = sourcecode.c.objc; path = AFSecurityPolicy.m; sourceTree = "<group>"; };
		F0587A472481037100BC6588 /* AFCompatibilityMacros.h */ = {isa = PBXFileReference; fileEncoding = 4; lastKnownFileType = sourcecode.c.h; path = AFCompatibilityMacros.h; sourceTree = "<group>"; };
		F0587A482481037100BC6588 /* AFHTTPSessionManager.h */ = {isa = PBXFileReference; fileEncoding = 4; lastKnownFileType = sourcecode.c.h; path = AFHTTPSessionManager.h; sourceTree = "<group>"; };
		F0587A502481042B00BC6588 /* MJPropertyKey.h */ = {isa = PBXFileReference; fileEncoding = 4; lastKnownFileType = sourcecode.c.h; path = MJPropertyKey.h; sourceTree = "<group>"; };
		F0587A512481042B00BC6588 /* NSObject+MJClass.h */ = {isa = PBXFileReference; fileEncoding = 4; lastKnownFileType = sourcecode.c.h; path = "NSObject+MJClass.h"; sourceTree = "<group>"; };
		F0587A522481042B00BC6588 /* NSString+MJExtension.h */ = {isa = PBXFileReference; fileEncoding = 4; lastKnownFileType = sourcecode.c.h; path = "NSString+MJExtension.h"; sourceTree = "<group>"; };
		F0587A532481042B00BC6588 /* MJPropertyType.m */ = {isa = PBXFileReference; fileEncoding = 4; lastKnownFileType = sourcecode.c.objc; path = MJPropertyType.m; sourceTree = "<group>"; };
		F0587A542481042B00BC6588 /* NSObject+MJProperty.h */ = {isa = PBXFileReference; fileEncoding = 4; lastKnownFileType = sourcecode.c.h; path = "NSObject+MJProperty.h"; sourceTree = "<group>"; };
		F0587A552481042B00BC6588 /* MJExtensionConst.h */ = {isa = PBXFileReference; fileEncoding = 4; lastKnownFileType = sourcecode.c.h; path = MJExtensionConst.h; sourceTree = "<group>"; };
		F0587A562481042B00BC6588 /* NSObject+MJKeyValue.m */ = {isa = PBXFileReference; fileEncoding = 4; lastKnownFileType = sourcecode.c.objc; path = "NSObject+MJKeyValue.m"; sourceTree = "<group>"; };
		F0587A572481042C00BC6588 /* MJProperty.m */ = {isa = PBXFileReference; fileEncoding = 4; lastKnownFileType = sourcecode.c.objc; path = MJProperty.m; sourceTree = "<group>"; };
		F0587A582481042C00BC6588 /* MJFoundation.h */ = {isa = PBXFileReference; fileEncoding = 4; lastKnownFileType = sourcecode.c.h; path = MJFoundation.h; sourceTree = "<group>"; };
		F0587A592481042C00BC6588 /* NSObject+MJCoding.m */ = {isa = PBXFileReference; fileEncoding = 4; lastKnownFileType = sourcecode.c.objc; path = "NSObject+MJCoding.m"; sourceTree = "<group>"; };
		F0587A5A2481042C00BC6588 /* MJExtension.h */ = {isa = PBXFileReference; fileEncoding = 4; lastKnownFileType = sourcecode.c.h; path = MJExtension.h; sourceTree = "<group>"; };
		F0587A5B2481042C00BC6588 /* MJExtensionConst.m */ = {isa = PBXFileReference; fileEncoding = 4; lastKnownFileType = sourcecode.c.objc; path = MJExtensionConst.m; sourceTree = "<group>"; };
		F0587A5C2481042C00BC6588 /* NSObject+MJProperty.m */ = {isa = PBXFileReference; fileEncoding = 4; lastKnownFileType = sourcecode.c.objc; path = "NSObject+MJProperty.m"; sourceTree = "<group>"; };
		F0587A5D2481042C00BC6588 /* MJPropertyType.h */ = {isa = PBXFileReference; fileEncoding = 4; lastKnownFileType = sourcecode.c.h; path = MJPropertyType.h; sourceTree = "<group>"; };
		F0587A5E2481042C00BC6588 /* NSObject+MJClass.m */ = {isa = PBXFileReference; fileEncoding = 4; lastKnownFileType = sourcecode.c.objc; path = "NSObject+MJClass.m"; sourceTree = "<group>"; };
		F0587A5F2481042C00BC6588 /* NSString+MJExtension.m */ = {isa = PBXFileReference; fileEncoding = 4; lastKnownFileType = sourcecode.c.objc; path = "NSString+MJExtension.m"; sourceTree = "<group>"; };
		F0587A602481042C00BC6588 /* MJPropertyKey.m */ = {isa = PBXFileReference; fileEncoding = 4; lastKnownFileType = sourcecode.c.objc; path = MJPropertyKey.m; sourceTree = "<group>"; };
		F0587A612481042C00BC6588 /* MJProperty.h */ = {isa = PBXFileReference; fileEncoding = 4; lastKnownFileType = sourcecode.c.h; path = MJProperty.h; sourceTree = "<group>"; };
		F0587A622481042C00BC6588 /* NSObject+MJKeyValue.h */ = {isa = PBXFileReference; fileEncoding = 4; lastKnownFileType = sourcecode.c.h; path = "NSObject+MJKeyValue.h"; sourceTree = "<group>"; };
		F0587A632481042C00BC6588 /* NSObject+MJCoding.h */ = {isa = PBXFileReference; fileEncoding = 4; lastKnownFileType = sourcecode.c.h; path = "NSObject+MJCoding.h"; sourceTree = "<group>"; };
		F0587A642481042C00BC6588 /* Info.plist */ = {isa = PBXFileReference; fileEncoding = 4; lastKnownFileType = text.plist.xml; path = Info.plist; sourceTree = "<group>"; };
		F0587A652481042C00BC6588 /* MJFoundation.m */ = {isa = PBXFileReference; fileEncoding = 4; lastKnownFileType = sourcecode.c.objc; path = MJFoundation.m; sourceTree = "<group>"; };
		F07C80011F5EB33900AEAF30 /* ESCMainViewController.h */ = {isa = PBXFileReference; fileEncoding = 4; lastKnownFileType = sourcecode.c.h; path = ESCMainViewController.h; sourceTree = "<group>"; };
		F07C80061F5EB5F800AEAF30 /* ESCMainTableCellView.h */ = {isa = PBXFileReference; fileEncoding = 4; lastKnownFileType = sourcecode.c.h; path = ESCMainTableCellView.h; sourceTree = "<group>"; };
		F07C80071F5EB5F800AEAF30 /* ESCMainTableCellView.m */ = {isa = PBXFileReference; fileEncoding = 4; lastKnownFileType = sourcecode.c.objc; path = ESCMainTableCellView.m; sourceTree = "<group>"; };
		F07CF27E24A1F527009D224F /* ESCFirimConfigViewController.h */ = {isa = PBXFileReference; lastKnownFileType = sourcecode.c.h; path = ESCFirimConfigViewController.h; sourceTree = "<group>"; };
		F07CF27F24A1F527009D224F /* ESCFirimConfigViewController.m */ = {isa = PBXFileReference; lastKnownFileType = sourcecode.c.objc; path = ESCFirimConfigViewController.m; sourceTree = "<group>"; };
		F07CF28124A1F53A009D224F /* ESCFirimConfigViewController.storyboard */ = {isa = PBXFileReference; lastKnownFileType = file.storyboard; path = ESCFirimConfigViewController.storyboard; sourceTree = "<group>"; };
		F07CF28324A202A2009D224F /* ESCFileCopyTool.m */ = {isa = PBXFileReference; fileEncoding = 4; lastKnownFileType = sourcecode.c.objc; path = ESCFileCopyTool.m; sourceTree = "<group>"; };
		F07CF28424A202A2009D224F /* ESCFileCopyTool.h */ = {isa = PBXFileReference; fileEncoding = 4; lastKnownFileType = sourcecode.c.h; path = ESCFileCopyTool.h; sourceTree = "<group>"; };
		F084B4111F5FC70600D71BCC /* ESCPgyerConfigViewController.h */ = {isa = PBXFileReference; fileEncoding = 4; lastKnownFileType = sourcecode.c.h; path = ESCPgyerConfigViewController.h; sourceTree = "<group>"; };
		F084B4121F5FC70600D71BCC /* ESCPgyerConfigViewController.m */ = {isa = PBXFileReference; fileEncoding = 4; lastKnownFileType = sourcecode.c.objc; path = ESCPgyerConfigViewController.m; sourceTree = "<group>"; };
/* End PBXFileReference section */

/* Begin PBXFrameworksBuildPhase section */
		04199EEC1F5AB21900CEFAB0 /* Frameworks */ = {
			isa = PBXFrameworksBuildPhase;
			buildActionMask = 2147483647;
			files = (
			);
			runOnlyForDeploymentPostprocessing = 0;
		};
/* End PBXFrameworksBuildPhase section */

/* Begin PBXGroup section */
		04199EE61F5AB21900CEFAB0 = {
			isa = PBXGroup;
			children = (
				04199EF11F5AB21900CEFAB0 /* AutoUploadToPgyer */,
				04199EF01F5AB21900CEFAB0 /* Products */,
			);
			sourceTree = "<group>";
		};
		04199EF01F5AB21900CEFAB0 /* Products */ = {
			isa = PBXGroup;
			children = (
				04199EEF1F5AB21900CEFAB0 /* AutoUploadToPgyer.app */,
			);
			name = Products;
			sourceTree = "<group>";
		};
		04199EF11F5AB21900CEFAB0 /* AutoUploadToPgyer */ = {
			isa = PBXGroup;
			children = (
				04199EF21F5AB21900CEFAB0 /* AppDelegate.h */,
				04199EF31F5AB21900CEFAB0 /* AppDelegate.m */,
				F04A6C39244FD9BC00CBB70D /* ESCApplication.h */,
				F04A6C3A244FD9BC00CBB70D /* ESCApplication.m */,
				04199F1E1F5AB43C00CEFAB0 /* Class */,
				04199F1F1F5AB43C00CEFAB0 /* Other */,
				04199F201F5AB43C00CEFAB0 /* Vender */,
				04199EFB1F5AB21900CEFAB0 /* Assets.xcassets */,
				04199F001F5AB21900CEFAB0 /* Info.plist */,
				04199EF51F5AB21900CEFAB0 /* Supporting Files */,
			);
			path = AutoUploadToPgyer;
			sourceTree = "<group>";
		};
		04199EF51F5AB21900CEFAB0 /* Supporting Files */ = {
			isa = PBXGroup;
			children = (
				04199EF61F5AB21900CEFAB0 /* main.m */,
			);
			name = "Supporting Files";
			sourceTree = "<group>";
		};
		04199F1E1F5AB43C00CEFAB0 /* Class */ = {
			isa = PBXGroup;
			children = (
				F012FA49228414CD002CC739 /* View */,
				047431951F5D976400445EB5 /* Model */,
				0474318E1F5D8AED00445EB5 /* ViewController */,
				04199F371F5AB50500CEFAB0 /* Manager */,
			);
			path = Class;
			sourceTree = "<group>";
		};
		04199F1F1F5AB43C00CEFAB0 /* Other */ = {
			isa = PBXGroup;
			children = (
				F07CF28424A202A2009D224F /* ESCFileCopyTool.h */,
				F07CF28324A202A2009D224F /* ESCFileCopyTool.m */,
				04199F361F5AB4CA00CEFAB0 /* ESCHeader.h */,
				04199F631F5ADB2B00CEFAB0 /* NSDate+ESCDateString.h */,
				04199F641F5ADB2B00CEFAB0 /* NSDate+ESCDateString.m */,
				04199F661F5ADB9800CEFAB0 /* NSDate+Utilities.h */,
				04199F671F5ADB9800CEFAB0 /* NSDate+Utilities.m */,
			);
			path = Other;
			sourceTree = "<group>";
		};
		04199F201F5AB43C00CEFAB0 /* Vender */ = {
			isa = PBXGroup;
			children = (
				F0587A4F2481042B00BC6588 /* MJExtension */,
				F0587A3A2481037100BC6588 /* AFNetworking */,
			);
			path = Vender;
			sourceTree = "<group>";
		};
		04199F371F5AB50500CEFAB0 /* Manager */ = {
			isa = PBXGroup;
			children = (
				047431991F5D987200445EB5 /* ESCNetWorkManager.h */,
				0474319A1F5D987200445EB5 /* ESCNetWorkManager.m */,
				04199F381F5AB52300CEFAB0 /* ESCFileManager.h */,
				04199F391F5AB52300CEFAB0 /* ESCFileManager.m */,
				0474319C1F5D988200445EB5 /* ESCConfigManager.h */,
				0474319D1F5D988200445EB5 /* ESCConfigManager.m */,
				047431A31F5D9C4100445EB5 /* ESCBuildShellFileManager.h */,
				047431A41F5D9C4100445EB5 /* ESCBuildShellFileManager.m */,
				F05879B82480B9E300BC6588 /* ESCNotificationManager.h */,
				F05879B92480B9E300BC6588 /* ESCNotificationManager.m */,
			);
			path = Manager;
			sourceTree = "<group>";
		};
		0474318E1F5D8AED00445EB5 /* ViewController */ = {
			isa = PBXGroup;
			children = (
				F07C80011F5EB33900AEAF30 /* ESCMainViewController.h */,
				F049FC141F6641DE00147EC9 /* ESCMainViewController.m */,
				F084B4111F5FC70600D71BCC /* ESCPgyerConfigViewController.h */,
				F084B4121F5FC70600D71BCC /* ESCPgyerConfigViewController.m */,
				F04820D7244D47A0002780D9 /* ESCCustemShellConfigViewController.h */,
				F04820D6244D47A0002780D9 /* ESCCustemShellConfigViewController.m */,
				0474319F1F5D9A9B00445EB5 /* Main.storyboard */,
				047431921F5D8B3200445EB5 /* ESCconfigViewController.h */,
				047431931F5D8B3200445EB5 /* ESCconfigViewController.m */,
				047431A11F5D9ADC00445EB5 /* ESCconfigViewController.storyboard */,
				F04A6C34244FD87A00CBB70D /* ESCGroupViewController.h */,
				F04A6C35244FD87A00CBB70D /* ESCGroupViewController.m */,
				F04A6C37244FD89900CBB70D /* ESCGroupViewController.storyboard */,
				F07CF27E24A1F527009D224F /* ESCFirimConfigViewController.h */,
				F07CF27F24A1F527009D224F /* ESCFirimConfigViewController.m */,
				F07CF28124A1F53A009D224F /* ESCFirimConfigViewController.storyboard */,
			);
			path = ViewController;
			sourceTree = "<group>";
		};
		047431951F5D976400445EB5 /* Model */ = {
			isa = PBXGroup;
			children = (
				F04A6C31244FD3C700CBB70D /* ESCGroupModel.h */,
				F04A6C32244FD3C700CBB70D /* ESCGroupModel.m */,
				047431961F5D978100445EB5 /* ESCConfigurationModel.h */,
				047431971F5D978100445EB5 /* ESCConfigurationModel.m */,
			);
			path = Model;
			sourceTree = "<group>";
		};
		F012FA49228414CD002CC739 /* View */ = {
			isa = PBXGroup;
			children = (
				F07C80061F5EB5F800AEAF30 /* ESCMainTableCellView.h */,
				F07C80071F5EB5F800AEAF30 /* ESCMainTableCellView.m */,
				F003AB0F244D382B0098B601 /* ESCAppTableViewAppBuildUpdateDescriptionCellView.h */,
				F003AB10244D382B0098B601 /* ESCAppTableViewAppBuildUpdateDescriptionCellView.m */,
				F012FA4A2284152D002CC739 /* ESCRightMouseDownMenuView.h */,
				F012FA4B2284152D002CC739 /* ESCRightMouseDownMenuView.m */,
				F0505206245271FD00164015 /* ESCGroupTableGroupCellView.h */,
				F0505207245271FD00164015 /* ESCGroupTableGroupCellView.m */,
				F05052092452728600164015 /* ESCGroupTableGroupCellView.xib */,
				F051C5BF247260A100782358 /* ESCSelectButtonTableCellView.h */,
				F051C5C0247260A100782358 /* ESCSelectButtonTableCellView.m */,
				F051C5C2247260B600782358 /* ESCSelectButtonTableCellView.xib */,
				F051C5C42472639700782358 /* ESCOneButtonTableCellView.h */,
				F051C5C52472639700782358 /* ESCOneButtonTableCellView.m */,
				F051C5C7247263A500782358 /* ESCOneButtonTableCellView.xib */,
			);
			path = View;
			sourceTree = "<group>";
		};
		F0587A3A2481037100BC6588 /* AFNetworking */ = {
			isa = PBXGroup;
			children = (
				F0587A3B2481037100BC6588 /* AFSecurityPolicy.h */,
				F0587A3C2481037100BC6588 /* AFNetworkReachabilityManager.h */,
				F0587A3D2481037100BC6588 /* AFURLSessionManager.h */,
				F0587A3E2481037100BC6588 /* AFURLRequestSerialization.h */,
				F0587A3F2481037100BC6588 /* AFURLResponseSerialization.m */,
				F0587A402481037100BC6588 /* AFHTTPSessionManager.m */,
				F0587A412481037100BC6588 /* AFURLResponseSerialization.h */,
				F0587A422481037100BC6588 /* AFURLSessionManager.m */,
				F0587A432481037100BC6588 /* AFURLRequestSerialization.m */,
				F0587A442481037100BC6588 /* AFNetworking.h */,
				F0587A452481037100BC6588 /* AFNetworkReachabilityManager.m */,
				F0587A462481037100BC6588 /* AFSecurityPolicy.m */,
				F0587A472481037100BC6588 /* AFCompatibilityMacros.h */,
				F0587A482481037100BC6588 /* AFHTTPSessionManager.h */,
			);
			path = AFNetworking;
			sourceTree = "<group>";
		};
		F0587A4F2481042B00BC6588 /* MJExtension */ = {
			isa = PBXGroup;
			children = (
				F0587A502481042B00BC6588 /* MJPropertyKey.h */,
				F0587A512481042B00BC6588 /* NSObject+MJClass.h */,
				F0587A522481042B00BC6588 /* NSString+MJExtension.h */,
				F0587A532481042B00BC6588 /* MJPropertyType.m */,
				F0587A542481042B00BC6588 /* NSObject+MJProperty.h */,
				F0587A552481042B00BC6588 /* MJExtensionConst.h */,
				F0587A562481042B00BC6588 /* NSObject+MJKeyValue.m */,
				F0587A572481042C00BC6588 /* MJProperty.m */,
				F0587A582481042C00BC6588 /* MJFoundation.h */,
				F0587A592481042C00BC6588 /* NSObject+MJCoding.m */,
				F0587A5A2481042C00BC6588 /* MJExtension.h */,
				F0587A5B2481042C00BC6588 /* MJExtensionConst.m */,
				F0587A5C2481042C00BC6588 /* NSObject+MJProperty.m */,
				F0587A5D2481042C00BC6588 /* MJPropertyType.h */,
				F0587A5E2481042C00BC6588 /* NSObject+MJClass.m */,
				F0587A5F2481042C00BC6588 /* NSString+MJExtension.m */,
				F0587A602481042C00BC6588 /* MJPropertyKey.m */,
				F0587A612481042C00BC6588 /* MJProperty.h */,
				F0587A622481042C00BC6588 /* NSObject+MJKeyValue.h */,
				F0587A632481042C00BC6588 /* NSObject+MJCoding.h */,
				F0587A642481042C00BC6588 /* Info.plist */,
				F0587A652481042C00BC6588 /* MJFoundation.m */,
			);
			path = MJExtension;
			sourceTree = "<group>";
		};
/* End PBXGroup section */

/* Begin PBXNativeTarget section */
		04199EEE1F5AB21900CEFAB0 /* AutoUploadToPgyer */ = {
			isa = PBXNativeTarget;
			buildConfigurationList = 04199F031F5AB21900CEFAB0 /* Build configuration list for PBXNativeTarget "AutoUploadToPgyer" */;
			buildPhases = (
				04199EEB1F5AB21900CEFAB0 /* Sources */,
				04199EEC1F5AB21900CEFAB0 /* Frameworks */,
				04199EED1F5AB21900CEFAB0 /* Resources */,
			);
			buildRules = (
			);
			dependencies = (
			);
			name = AutoUploadToPgyer;
			productName = AutoUploadToPgyer;
			productReference = 04199EEF1F5AB21900CEFAB0 /* AutoUploadToPgyer.app */;
			productType = "com.apple.product-type.application";
		};
/* End PBXNativeTarget section */

/* Begin PBXProject section */
		04199EE71F5AB21900CEFAB0 /* Project object */ = {
			isa = PBXProject;
			attributes = {
				CLASSPREFIX = ESC;
				LastUpgradeCheck = 1150;
				ORGANIZATIONNAME = XMSECODE;
				TargetAttributes = {
					04199EEE1F5AB21900CEFAB0 = {
						CreatedOnToolsVersion = 8.3.3;
						ProvisioningStyle = Automatic;
						SystemCapabilities = {
							com.apple.Sandbox = {
								enabled = 0;
							};
						};
					};
				};
			};
			buildConfigurationList = 04199EEA1F5AB21900CEFAB0 /* Build configuration list for PBXProject "AutoUploadToPgyer" */;
			compatibilityVersion = "Xcode 3.1";
			developmentRegion = en;
			hasScannedForEncodings = 0;
			knownRegions = (
				en,
				Base,
			);
			mainGroup = 04199EE61F5AB21900CEFAB0;
			productRefGroup = 04199EF01F5AB21900CEFAB0 /* Products */;
			projectDirPath = "";
			projectRoot = "";
			targets = (
				04199EEE1F5AB21900CEFAB0 /* AutoUploadToPgyer */,
			);
		};
/* End PBXProject section */

/* Begin PBXResourcesBuildPhase section */
		04199EED1F5AB21900CEFAB0 /* Resources */ = {
			isa = PBXResourcesBuildPhase;
			buildActionMask = 2147483647;
			files = (
				F0587A6F2481042C00BC6588 /* Info.plist in Resources */,
				F04A6C38244FD89900CBB70D /* ESCGroupViewController.storyboard in Resources */,
				047431A01F5D9A9B00445EB5 /* Main.storyboard in Resources */,
				04199EFC1F5AB21900CEFAB0 /* Assets.xcassets in Resources */,
				F050520A2452728600164015 /* ESCGroupTableGroupCellView.xib in Resources */,
				F051C5C8247263A500782358 /* ESCOneButtonTableCellView.xib in Resources */,
				F07CF28224A1F53A009D224F /* ESCFirimConfigViewController.storyboard in Resources */,
				047431A21F5D9ADC00445EB5 /* ESCconfigViewController.storyboard in Resources */,
				F051C5C3247260B600782358 /* ESCSelectButtonTableCellView.xib in Resources */,
			);
			runOnlyForDeploymentPostprocessing = 0;
		};
/* End PBXResourcesBuildPhase section */

/* Begin PBXSourcesBuildPhase section */
		04199EEB1F5AB21900CEFAB0 /* Sources */ = {
			isa = PBXSourcesBuildPhase;
			buildActionMask = 2147483647;
			files = (
				F07CF28024A1F527009D224F /* ESCFirimConfigViewController.m in Sources */,
				0474319E1F5D988200445EB5 /* ESCConfigManager.m in Sources */,
				F04A6C3B244FD9BC00CBB70D /* ESCApplication.m in Sources */,
				F0587A6B2481042C00BC6588 /* NSObject+MJProperty.m in Sources */,
				F0587A6A2481042C00BC6588 /* MJExtensionConst.m in Sources */,
				F07C80081F5EB5F800AEAF30 /* ESCMainTableCellView.m in Sources */,
				F0587A682481042C00BC6588 /* MJProperty.m in Sources */,
				F07CF28524A202A2009D224F /* ESCFileCopyTool.m in Sources */,
				F0587A6D2481042C00BC6588 /* NSString+MJExtension.m in Sources */,
				F049FC151F6641DE00147EC9 /* ESCMainViewController.m in Sources */,
				04199EF71F5AB21900CEFAB0 /* main.m in Sources */,
				F0505208245271FD00164015 /* ESCGroupTableGroupCellView.m in Sources */,
				F0587A6C2481042C00BC6588 /* NSObject+MJClass.m in Sources */,
				F04A6C33244FD3C700CBB70D /* ESCGroupModel.m in Sources */,
				F0587A4B2481037100BC6588 /* AFURLSessionManager.m in Sources */,
				F0587A4C2481037100BC6588 /* AFURLRequestSerialization.m in Sources */,
				04199EF41F5AB21900CEFAB0 /* AppDelegate.m in Sources */,
				F0587A4A2481037100BC6588 /* AFHTTPSessionManager.m in Sources */,
				F0587A672481042C00BC6588 /* NSObject+MJKeyValue.m in Sources */,
				F0587A492481037100BC6588 /* AFURLResponseSerialization.m in Sources */,
				F012FA4C2284152D002CC739 /* ESCRightMouseDownMenuView.m in Sources */,
				F04A6C36244FD87A00CBB70D /* ESCGroupViewController.m in Sources */,
				047431941F5D8B3200445EB5 /* ESCconfigViewController.m in Sources */,
				F0587A692481042C00BC6588 /* NSObject+MJCoding.m in Sources */,
				F0587A662481042C00BC6588 /* MJPropertyType.m in Sources */,
				F0587A4E2481037100BC6588 /* AFSecurityPolicy.m in Sources */,
				F051C5C1247260A100782358 /* ESCSelectButtonTableCellView.m in Sources */,
				F0587A4D2481037100BC6588 /* AFNetworkReachabilityManager.m in Sources */,
				F05879BA2480B9E300BC6588 /* ESCNotificationManager.m in Sources */,
				F0587A6E2481042C00BC6588 /* MJPropertyKey.m in Sources */,
				0474319B1F5D987200445EB5 /* ESCNetWorkManager.m in Sources */,
				F003AB11244D382B0098B601 /* ESCAppTableViewAppBuildUpdateDescriptionCellView.m in Sources */,
				047431981F5D978100445EB5 /* ESCConfigurationModel.m in Sources */,
				F04820D8244D47A0002780D9 /* ESCCustemShellConfigViewController.m in Sources */,
				04199F681F5ADB9800CEFAB0 /* NSDate+Utilities.m in Sources */,
				F0587A702481042C00BC6588 /* MJFoundation.m in Sources */,
				F084B4131F5FC70600D71BCC /* ESCPgyerConfigViewController.m in Sources */,
				F051C5C62472639700782358 /* ESCOneButtonTableCellView.m in Sources */,
				04199F651F5ADB2B00CEFAB0 /* NSDate+ESCDateString.m in Sources */,
				04199F3A1F5AB52300CEFAB0 /* ESCFileManager.m in Sources */,
				047431A51F5D9C4100445EB5 /* ESCBuildShellFileManager.m in Sources */,
			);
			runOnlyForDeploymentPostprocessing = 0;
		};
/* End PBXSourcesBuildPhase section */

/* Begin XCBuildConfiguration section */
		04199F011F5AB21900CEFAB0 /* Debug */ = {
			isa = XCBuildConfiguration;
			buildSettings = {
				ALWAYS_SEARCH_USER_PATHS = NO;
				CLANG_ANALYZER_LOCALIZABILITY_NONLOCALIZED = YES;
				CLANG_ANALYZER_NONNULL = YES;
				CLANG_ANALYZER_NUMBER_OBJECT_CONVERSION = YES_AGGRESSIVE;
				CLANG_CXX_LANGUAGE_STANDARD = "gnu++0x";
				CLANG_CXX_LIBRARY = "libc++";
				CLANG_ENABLE_MODULES = YES;
				CLANG_ENABLE_OBJC_ARC = YES;
				CLANG_WARN_BLOCK_CAPTURE_AUTORELEASING = YES;
				CLANG_WARN_BOOL_CONVERSION = YES;
				CLANG_WARN_COMMA = YES;
				CLANG_WARN_CONSTANT_CONVERSION = YES;
				CLANG_WARN_DEPRECATED_OBJC_IMPLEMENTATIONS = YES;
				CLANG_WARN_DIRECT_OBJC_ISA_USAGE = YES_ERROR;
				CLANG_WARN_DOCUMENTATION_COMMENTS = YES;
				CLANG_WARN_EMPTY_BODY = YES;
				CLANG_WARN_ENUM_CONVERSION = YES;
				CLANG_WARN_INFINITE_RECURSION = YES;
				CLANG_WARN_INT_CONVERSION = YES;
				CLANG_WARN_NON_LITERAL_NULL_CONVERSION = YES;
				CLANG_WARN_OBJC_IMPLICIT_RETAIN_SELF = YES;
				CLANG_WARN_OBJC_LITERAL_CONVERSION = YES;
				CLANG_WARN_OBJC_ROOT_CLASS = YES_ERROR;
				CLANG_WARN_RANGE_LOOP_ANALYSIS = YES;
				CLANG_WARN_STRICT_PROTOTYPES = YES;
				CLANG_WARN_SUSPICIOUS_MOVE = YES;
				CLANG_WARN_UNREACHABLE_CODE = YES;
				CLANG_WARN__DUPLICATE_METHOD_MATCH = YES;
				CODE_SIGN_IDENTITY = "-";
				COPY_PHASE_STRIP = NO;
				DEBUG_INFORMATION_FORMAT = dwarf;
				ENABLE_STRICT_OBJC_MSGSEND = YES;
				ENABLE_TESTABILITY = YES;
				GCC_C_LANGUAGE_STANDARD = gnu99;
				GCC_DYNAMIC_NO_PIC = NO;
				GCC_NO_COMMON_BLOCKS = YES;
				GCC_OPTIMIZATION_LEVEL = 0;
				GCC_PREPROCESSOR_DEFINITIONS = (
					"DEBUG=1",
					"$(inherited)",
				);
				GCC_WARN_64_TO_32_BIT_CONVERSION = YES;
				GCC_WARN_ABOUT_RETURN_TYPE = YES_ERROR;
				GCC_WARN_UNDECLARED_SELECTOR = YES;
				GCC_WARN_UNINITIALIZED_AUTOS = YES_AGGRESSIVE;
				GCC_WARN_UNUSED_FUNCTION = YES;
				GCC_WARN_UNUSED_VARIABLE = YES;
				MACOSX_DEPLOYMENT_TARGET = 10.13;
				MTL_ENABLE_DEBUG_INFO = YES;
				ONLY_ACTIVE_ARCH = YES;
				SDKROOT = macosx;
			};
			name = Debug;
		};
		04199F021F5AB21900CEFAB0 /* Release */ = {
			isa = XCBuildConfiguration;
			buildSettings = {
				ALWAYS_SEARCH_USER_PATHS = NO;
				CLANG_ANALYZER_LOCALIZABILITY_NONLOCALIZED = YES;
				CLANG_ANALYZER_NONNULL = YES;
				CLANG_ANALYZER_NUMBER_OBJECT_CONVERSION = YES_AGGRESSIVE;
				CLANG_CXX_LANGUAGE_STANDARD = "gnu++0x";
				CLANG_CXX_LIBRARY = "libc++";
				CLANG_ENABLE_MODULES = YES;
				CLANG_ENABLE_OBJC_ARC = YES;
				CLANG_WARN_BLOCK_CAPTURE_AUTORELEASING = YES;
				CLANG_WARN_BOOL_CONVERSION = YES;
				CLANG_WARN_COMMA = YES;
				CLANG_WARN_CONSTANT_CONVERSION = YES;
				CLANG_WARN_DEPRECATED_OBJC_IMPLEMENTATIONS = YES;
				CLANG_WARN_DIRECT_OBJC_ISA_USAGE = YES_ERROR;
				CLANG_WARN_DOCUMENTATION_COMMENTS = YES;
				CLANG_WARN_EMPTY_BODY = YES;
				CLANG_WARN_ENUM_CONVERSION = YES;
				CLANG_WARN_INFINITE_RECURSION = YES;
				CLANG_WARN_INT_CONVERSION = YES;
				CLANG_WARN_NON_LITERAL_NULL_CONVERSION = YES;
				CLANG_WARN_OBJC_IMPLICIT_RETAIN_SELF = YES;
				CLANG_WARN_OBJC_LITERAL_CONVERSION = YES;
				CLANG_WARN_OBJC_ROOT_CLASS = YES_ERROR;
				CLANG_WARN_RANGE_LOOP_ANALYSIS = YES;
				CLANG_WARN_STRICT_PROTOTYPES = YES;
				CLANG_WARN_SUSPICIOUS_MOVE = YES;
				CLANG_WARN_UNREACHABLE_CODE = YES;
				CLANG_WARN__DUPLICATE_METHOD_MATCH = YES;
				CODE_SIGN_IDENTITY = "-";
				COPY_PHASE_STRIP = NO;
				DEBUG_INFORMATION_FORMAT = "dwarf-with-dsym";
				ENABLE_NS_ASSERTIONS = NO;
				ENABLE_STRICT_OBJC_MSGSEND = YES;
				GCC_C_LANGUAGE_STANDARD = gnu99;
				GCC_NO_COMMON_BLOCKS = YES;
				GCC_WARN_64_TO_32_BIT_CONVERSION = YES;
				GCC_WARN_ABOUT_RETURN_TYPE = YES_ERROR;
				GCC_WARN_UNDECLARED_SELECTOR = YES;
				GCC_WARN_UNINITIALIZED_AUTOS = YES_AGGRESSIVE;
				GCC_WARN_UNUSED_FUNCTION = YES;
				GCC_WARN_UNUSED_VARIABLE = YES;
				MACOSX_DEPLOYMENT_TARGET = 10.13;
				MTL_ENABLE_DEBUG_INFO = NO;
				SDKROOT = macosx;
			};
			name = Release;
		};
		04199F041F5AB21900CEFAB0 /* Debug */ = {
			isa = XCBuildConfiguration;
			buildSettings = {
				ASSETCATALOG_COMPILER_APPICON_NAME = AppIcon;
				CODE_SIGN_IDENTITY = "-";
				COMBINE_HIDPI_IMAGES = YES;
				CURRENT_PROJECT_VERSION = 5;
				DEVELOPMENT_TEAM = "";
				INFOPLIST_FILE = AutoUploadToPgyer/Info.plist;
				LD_RUNPATH_SEARCH_PATHS = "$(inherited) @executable_path/../Frameworks";
				MARKETING_VERSION = 2.0;
				PRODUCT_BUNDLE_IDENTIFIER = com.github.XMSECODE.AutoUploadToPgyer;
				PRODUCT_NAME = "$(TARGET_NAME)";
			};
			name = Debug;
		};
		04199F051F5AB21900CEFAB0 /* Release */ = {
			isa = XCBuildConfiguration;
			buildSettings = {
				ASSETCATALOG_COMPILER_APPICON_NAME = AppIcon;
				CODE_SIGN_IDENTITY = "-";
				COMBINE_HIDPI_IMAGES = YES;
				CURRENT_PROJECT_VERSION = 5;
				DEVELOPMENT_TEAM = "";
				INFOPLIST_FILE = AutoUploadToPgyer/Info.plist;
				LD_RUNPATH_SEARCH_PATHS = "$(inherited) @executable_path/../Frameworks";
				MARKETING_VERSION = 2.0;
				PRODUCT_BUNDLE_IDENTIFIER = com.github.XMSECODE.AutoUploadToPgyer;
				PRODUCT_NAME = "$(TARGET_NAME)";
			};
			name = Release;
		};
/* End XCBuildConfiguration section */

/* Begin XCConfigurationList section */
		04199EEA1F5AB21900CEFAB0 /* Build configuration list for PBXProject "AutoUploadToPgyer" */ = {
			isa = XCConfigurationList;
			buildConfigurations = (
				04199F011F5AB21900CEFAB0 /* Debug */,
				04199F021F5AB21900CEFAB0 /* Release */,
			);
			defaultConfigurationIsVisible = 0;
			defaultConfigurationName = Release;
		};
		04199F031F5AB21900CEFAB0 /* Build configuration list for PBXNativeTarget "AutoUploadToPgyer" */ = {
			isa = XCConfigurationList;
			buildConfigurations = (
				04199F041F5AB21900CEFAB0 /* Debug */,
				04199F051F5AB21900CEFAB0 /* Release */,
			);
			defaultConfigurationIsVisible = 0;
			defaultConfigurationName = Release;
		};
/* End XCConfigurationList section */
	};
	rootObject = 04199EE71F5AB21900CEFAB0 /* Project object */;
}
